
Microsoft Visual Studio Solution File, Format Version 12.00
# Visual Studio Version 16
VisualStudioVersion = 25.0.1705.3
MinimumVisualStudioVersion = 10.0.40219.1
Project("{FAE04EC0-301F-11D3-BF4B-00C04F79EFBC}") = "ScholarWebScraping", "ScholarWebScraping.csproj", "{A25AA693-4F1D-4876-8748-57B991EC7ADA}"
EndProject
Global
	GlobalSection(SolutionConfigurationPlatforms) = preSolution
		Debug|Any CPU = Debug|Any CPU
		Release|Any CPU = Release|Any CPU
	EndGlobalSection
	GlobalSection(ProjectConfigurationPlatforms) = postSolution
		{A25AA693-4F1D-4876-8748-57B991EC7ADA}.Debug|Any CPU.ActiveCfg = Debug|Any CPU
		{A25AA693-4F1D-4876-8748-57B991EC7ADA}.Debug|Any CPU.Build.0 = Debug|Any CPU
		{A25AA693-4F1D-4876-8748-57B991EC7ADA}.Release|Any CPU.ActiveCfg = Release|Any CPU
		{A25AA693-4F1D-4876-8748-57B991EC7ADA}.Release|Any CPU.Build.0 = Release|Any CPU
	EndGlobalSection
	GlobalSection(SolutionProperties) = preSolution
		HideSolutionNode = FALSE
	EndGlobalSection
	GlobalSection(ExtensibilityGlobals) = postSolution
		SolutionGuid = {35CAE988-936F-4A42-85F9-B0ADF61AAB14}
	EndGlobalSection
EndGlobal
